
Microsoft Visual Studio Solution File, Format Version 12.00
# Visual Studio Version 16
VisualStudioVersion = 16.0.30204.135
MinimumVisualStudioVersion = 10.0.40219.1
Project("{FAE04EC0-301F-11D3-BF4B-00C04F79EFBC}") = "AmmoScraper", "AmmoScraper.csproj", "{57071141-D615-4A46-A2EE-E27EBA1DBFC3}"
EndProject
Global
	GlobalSection(SolutionConfigurationPlatforms) = preSolution
		Debug|Any CPU = Debug|Any CPU
		Release|Any CPU = Release|Any CPU
	EndGlobalSection
	GlobalSection(ProjectConfigurationPlatforms) = postSolution
		{57071141-D615-4A46-A2EE-E27EBA1DBFC3}.Debug|Any CPU.ActiveCfg = Debug|Any CPU
		{57071141-D615-4A46-A2EE-E27EBA1DBFC3}.Debug|Any CPU.Build.0 = Debug|Any CPU
		{57071141-D615-4A46-A2EE-E27EBA1DBFC3}.Release|Any CPU.ActiveCfg = Release|Any CPU
		{57071141-D615-4A46-A2EE-E27EBA1DBFC3}.Release|Any CPU.Build.0 = Release|Any CPU
	EndGlobalSection
	GlobalSection(SolutionProperties) = preSolution
		HideSolutionNode = FALSE
	EndGlobalSection
	GlobalSection(ExtensibilityGlobals) = postSolution
		SolutionGuid = {FF93A6B4-4D2D-482B-855C-1F1C1B79A00F}
	EndGlobalSection
EndGlobal
